<?xml version="1.0" encoding="utf-8"?>
<Project ToolsVersion="4.0" xmlns="http://schemas.microsoft.com/developer/msbuild/2003">
  <ItemGroup>
    <ClCompile Include="CollisionManager.cpp" />
    <ClCompile Include="Game.cpp" />
    <ClCompile Include="main.cpp" />
    <ClCompile Include="Platform.cpp" />
    <ClCompile Include="PlatformType.cpp" />
    <ClCompile Include="Player.cpp" />
    <ClCompile Include="EnemyType.cpp" />
    <ClCompile Include="Wave.cpp" />
  </ItemGroup>
  <ItemGroup>
    <ClInclude Include="CollisionManager.h" />
    <ClInclude Include="Platform.h" />
    <ClInclude Include="Game.h" />
    <ClInclude Include="lib.h" />
    <ClInclude Include="PlatformType.h" />
    <ClInclude Include="Player.h" />
    <ClInclude Include="EnemyType.h" />
    <ClInclude Include="Wave.h" />
  </ItemGroup>
</Project>