<?xml version="1.0" encoding="utf-8"?>
<Project ToolsVersion="4.0" xmlns="http://schemas.microsoft.com/developer/msbuild/2003">
  <ItemGroup>
    <Filter Include="Fichiers sources">
      <UniqueIdentifier>{4FC737F1-C7A5-4376-A066-2A32D752A2FF}</UniqueIdentifier>
      <Extensions>cpp;c;cc;cxx;c++;cppm;ixx;def;odl;idl;hpj;bat;asm;asmx</Extensions>
    </Filter>
    <Filter Include="Fichiers d%27en-tête">
      <UniqueIdentifier>{93995380-89BD-4b04-88EB-625FBE52EBFB}</UniqueIdentifier>
      <Extensions>h;hh;hpp;hxx;h++;hm;inl;inc;ipp;xsd</Extensions>
    </Filter>
    <Filter Include="Fichiers de ressources">
      <UniqueIdentifier>{67DA6AB6-F800-4c08-8B7A-83BB121AAD01}</UniqueIdentifier>
      <Extensions>rc;ico;cur;bmp;dlg;rc2;rct;bin;rgs;gif;jpg;jpeg;jpe;resx;tiff;tif;png;wav;mfcribbon-ms</Extensions>
    </Filter>
    <Filter Include="Fichiers d%27en-tête\player">
      <UniqueIdentifier>{c9143cb9-6f1c-4f9e-b239-db50dc2acbf2}</UniqueIdentifier>
    </Filter>
    <Filter Include="Fichiers sources\Player cpp">
      <UniqueIdentifier>{2e61614b-1984-4d64-ab24-60d2589101ed}</UniqueIdentifier>
    </Filter>
    <Filter Include="Fichiers d%27en-tête\player\physic">
      <UniqueIdentifier>{2d5edcf4-8366-46a2-95e0-46b362ea3629}</UniqueIdentifier>
    </Filter>
    <Filter Include="Fichiers sources\Player cpp\physic">
      <UniqueIdentifier>{22e2eb19-671e-46b4-879a-b5c9fb39e471}</UniqueIdentifier>
    </Filter>
    <Filter Include="Fichiers d%27en-tête\gen">
      <UniqueIdentifier>{ebda3175-6694-4ac9-82ec-2f63adc2e03b}</UniqueIdentifier>
    </Filter>
    <Filter Include="Fichiers d%27en-tête\props and mob">
      <UniqueIdentifier>{c923bdb1-d680-421a-b130-022cb901951b}</UniqueIdentifier>
    </Filter>
    <Filter Include="Fichiers sources\props and mob">
      <UniqueIdentifier>{2358cd84-7246-4035-b8cf-fb40cf5349bc}</UniqueIdentifier>
    </Filter>
  </ItemGroup>
  <ItemGroup>
    <ClCompile Include="main.cpp">
      <Filter>Fichiers sources</Filter>
    </ClCompile>
    <ClCompile Include="Platform.cpp">
      <Filter>Fichiers sources</Filter>
    </ClCompile>
    <ClCompile Include="PlatformType.cpp">
      <Filter>Fichiers sources</Filter>
    </ClCompile>
  </ItemGroup>
  <ItemGroup>
    <ClInclude Include="Platform.h">
      <Filter>Fichiers d%27en-tête</Filter>
    </ClInclude>
    <ClInclude Include="PlatformType.h">
      <Filter>Fichiers d%27en-tête</Filter>
    </ClInclude>
    <ClCompile Include="Player.cpp">
      <Filter>Fichiers sources</Filter>
    </ClCompile>
    <ClCompile Include="Game.cpp">
      <Filter>Fichiers sources</Filter>
    </ClCompile>
    <ClCompile Include="Platform.cpp">
      <Filter>Fichiers sources</Filter>
    </ClCompile>
  </ItemGroup>
  <ItemGroup>
    <ClInclude Include="Platform.h" />
    <ClInclude Include="Game.h" />
    <ClInclude Include="lib.h" />
    <ClInclude Include="PlatformType.h" />
    <ClInclude Include="Player.h" />
    <ClInclude Include="ColisionManager.h" />
  </ItemGroup>
</Project>